
Microsoft Visual Studio Solution File, Format Version 12.00
# Visual Studio Version 16
VisualStudioVersion = 16.0.30011.22
MinimumVisualStudioVersion = 10.0.40219.1
Project("{9A19103F-16F7-4668-BE54-9A1E7A4F7556}") = "IdentityServerCenter", "IdentityServerCenter\IdentityServerCenter.csproj", "{7949EE53-AE54-4F27-A66C-B9BC2BB50329}"
EndProject
Project("{9A19103F-16F7-4668-BE54-9A1E7A4F7556}") = "APIClientCredentials", "..\APIClientCredentials\APIClientCredentials\APIClientCredentials.csproj", "{923D9C66-ED8F-4E44-B29A-71883534DECC}"
EndProject
Global
	GlobalSection(SolutionConfigurationPlatforms) = preSolution
		Debug|Any CPU = Debug|Any CPU
		Release|Any CPU = Release|Any CPU
	EndGlobalSection
	GlobalSection(ProjectConfigurationPlatforms) = postSolution
		{7949EE53-AE54-4F27-A66C-B9BC2BB50329}.Debug|Any CPU.ActiveCfg = Debug|Any CPU
		{7949EE53-AE54-4F27-A66C-B9BC2BB50329}.Debug|Any CPU.Build.0 = Debug|Any CPU
		{7949EE53-AE54-4F27-A66C-B9BC2BB50329}.Release|Any CPU.ActiveCfg = Release|Any CPU
		{7949EE53-AE54-4F27-A66C-B9BC2BB50329}.Release|Any CPU.Build.0 = Release|Any CPU
		{923D9C66-ED8F-4E44-B29A-71883534DECC}.Debug|Any CPU.ActiveCfg = Debug|Any CPU
		{923D9C66-ED8F-4E44-B29A-71883534DECC}.Debug|Any CPU.Build.0 = Debug|Any CPU
		{923D9C66-ED8F-4E44-B29A-71883534DECC}.Release|Any CPU.ActiveCfg = Release|Any CPU
		{923D9C66-ED8F-4E44-B29A-71883534DECC}.Release|Any CPU.Build.0 = Release|Any CPU
	EndGlobalSection
	GlobalSection(SolutionProperties) = preSolution
		HideSolutionNode = FALSE
	EndGlobalSection
	GlobalSection(ExtensibilityGlobals) = postSolution
		SolutionGuid = {9A080BE1-0FDF-44D4-A612-56190AF5CB4A}
	EndGlobalSection
EndGlobal
